{
  "name": "yunalbum",
  "lockfileVersion": 3,
  "requires": true,
  "packages": {
    "": {
      "dependencies": {
        "js-md5": "^0.8.3",
        "weixin-js-sdk": "^1.6.5"
      }
    },
    "node_modules/js-md5": {
      "version": "0.8.3",
      "resolved": "https://registry.npmjs.org/js-md5/-/js-md5-0.8.3.tgz",
      "integrity": "sha512-qR0HB5uP6wCuRMrWPTrkMaev7MJZwJuuw4fnwAzRgP4J4/F8RwtodOKpGp4XpqsLBFzzgqIO42efFAyz2Et6KQ==",
      "license": "MIT"
    },
    "node_modules/weixin-js-sdk": {
      "version": "1.6.5",
      "resolved": "https://registry.npmjs.org/weixin-js-sdk/-/weixin-js-sdk-1.6.5.tgz",
      "integrity": "sha512-Gph1WAWB2YN/lMOFB/ymb+hbU/wYazzJgu6PMMktCy9cSCeW5wA6Zwt0dpahJbJ+RJEwtTv2x9iIu0U4enuVSQ==",
      "license": "MIT"
    }
  }
}
